
Microsoft Visual Studio Solution File, Format Version 12.00
# Visual Studio Version 17
VisualStudioVersion = 17.13.35931.197 d17.13
MinimumVisualStudioVersion = 10.0.40219.1
Project("{FAE04EC0-301F-11D3-BF4B-00C04F79EFBC}") = "GimnasioWeb", "GimnasioWeb\GimnasioWeb.csproj", "{0AD33FAD-0408-48BE-BEBC-20C68243150E}"
EndProject
Global
	GlobalSection(SolutionConfigurationPlatforms) = preSolution
		Debug|Any CPU = Debug|Any CPU
		Release|Any CPU = Release|Any CPU
	EndGlobalSection
	GlobalSection(ProjectConfigurationPlatforms) = postSolution
		{0AD33FAD-0408-48BE-BEBC-20C68243150E}.Debug|Any CPU.ActiveCfg = Debug|Any CPU
		{0AD33FAD-0408-48BE-BEBC-20C68243150E}.Debug|Any CPU.Build.0 = Debug|Any CPU
		{0AD33FAD-0408-48BE-BEBC-20C68243150E}.Release|Any CPU.ActiveCfg = Release|Any CPU
		{0AD33FAD-0408-48BE-BEBC-20C68243150E}.Release|Any CPU.Build.0 = Release|Any CPU
	EndGlobalSection
	GlobalSection(SolutionProperties) = preSolution
		HideSolutionNode = FALSE
	EndGlobalSection
	GlobalSection(ExtensibilityGlobals) = postSolution
		SolutionGuid = {F9F8A6A1-10C9-4F8F-927C-5F5EA10B4F60}
	EndGlobalSection
EndGlobal
